
Microsoft Visual Studio Solution File, Format Version 12.00
# Visual Studio Version 17
VisualStudioVersion = 17.8.34601.278
MinimumVisualStudioVersion = 10.0.40219.1
Project("{F2A71F9B-5D33-465A-A702-920D77279786}") = "Owl.winforms", "Owl.winforms\Owl.winforms.fsproj", "{20BB9640-275F-43C2-972F-8247CEE0B4BC}"
EndProject
Global
	GlobalSection(SolutionConfigurationPlatforms) = preSolution
		Debug|Any CPU = Debug|Any CPU
		Release|Any CPU = Release|Any CPU
	EndGlobalSection
	GlobalSection(ProjectConfigurationPlatforms) = postSolution
		{20BB9640-275F-43C2-972F-8247CEE0B4BC}.Debug|Any CPU.ActiveCfg = Debug|Any CPU
		{20BB9640-275F-43C2-972F-8247CEE0B4BC}.Debug|Any CPU.Build.0 = Debug|Any CPU
		{20BB9640-275F-43C2-972F-8247CEE0B4BC}.Release|Any CPU.ActiveCfg = Release|Any CPU
		{20BB9640-275F-43C2-972F-8247CEE0B4BC}.Release|Any CPU.Build.0 = Release|Any CPU
	EndGlobalSection
	GlobalSection(SolutionProperties) = preSolution
		HideSolutionNode = FALSE
	EndGlobalSection
	GlobalSection(ExtensibilityGlobals) = postSolution
		SolutionGuid = {FDDC3E8D-756C-405C-862F-FE3FAD8E3C3F}
	EndGlobalSection
EndGlobal
