
Microsoft Visual Studio Solution File, Format Version 12.00
# Visual Studio Version 17
VisualStudioVersion = 17.0.31903.59
MinimumVisualStudioVersion = 10.0.40219.1
Project("{F2A71F9B-5D33-465A-A702-920D77279786}") = "Owl.mht", "Owl.mht\Owl.mht.fsproj", "{B0F28122-F19B-4B11-B921-F5349AA5EB53}"
EndProject
Project("{F2A71F9B-5D33-465A-A702-920D77279786}") = "Owl.mht.console", "Owl.mht.console\Owl.mht.console.fsproj", "{F2A36429-9CC2-431A-8D24-86FD16AB3C69}"
EndProject
Project("{F2A71F9B-5D33-465A-A702-920D77279786}") = "psr2html", "psr2html\psr2html.fsproj", "{AA64323F-5678-41D0-8E59-623A88A0026F}"
EndProject
Project("{F2A71F9B-5D33-465A-A702-920D77279786}") = "Owl.mht.core", "Owl.mht.core\Owl.mht.core.fsproj", "{0D3D447E-72CA-414F-A407-456BCB0AE91C}"
EndProject
Global
	GlobalSection(SolutionConfigurationPlatforms) = preSolution
		Debug|Any CPU = Debug|Any CPU
		Release|Any CPU = Release|Any CPU
	EndGlobalSection
	GlobalSection(SolutionProperties) = preSolution
		HideSolutionNode = FALSE
	EndGlobalSection
	GlobalSection(ProjectConfigurationPlatforms) = postSolution
		{B0F28122-F19B-4B11-B921-F5349AA5EB53}.Debug|Any CPU.ActiveCfg = Debug|Any CPU
		{B0F28122-F19B-4B11-B921-F5349AA5EB53}.Debug|Any CPU.Build.0 = Debug|Any CPU
		{B0F28122-F19B-4B11-B921-F5349AA5EB53}.Release|Any CPU.ActiveCfg = Release|Any CPU
		{B0F28122-F19B-4B11-B921-F5349AA5EB53}.Release|Any CPU.Build.0 = Release|Any CPU
		{F2A36429-9CC2-431A-8D24-86FD16AB3C69}.Debug|Any CPU.ActiveCfg = Debug|Any CPU
		{F2A36429-9CC2-431A-8D24-86FD16AB3C69}.Debug|Any CPU.Build.0 = Debug|Any CPU
		{F2A36429-9CC2-431A-8D24-86FD16AB3C69}.Release|Any CPU.ActiveCfg = Release|Any CPU
		{F2A36429-9CC2-431A-8D24-86FD16AB3C69}.Release|Any CPU.Build.0 = Release|Any CPU
		{AA64323F-5678-41D0-8E59-623A88A0026F}.Debug|Any CPU.ActiveCfg = Debug|Any CPU
		{AA64323F-5678-41D0-8E59-623A88A0026F}.Debug|Any CPU.Build.0 = Debug|Any CPU
		{AA64323F-5678-41D0-8E59-623A88A0026F}.Release|Any CPU.ActiveCfg = Release|Any CPU
		{AA64323F-5678-41D0-8E59-623A88A0026F}.Release|Any CPU.Build.0 = Release|Any CPU
		{0D3D447E-72CA-414F-A407-456BCB0AE91C}.Debug|Any CPU.ActiveCfg = Debug|Any CPU
		{0D3D447E-72CA-414F-A407-456BCB0AE91C}.Debug|Any CPU.Build.0 = Debug|Any CPU
		{0D3D447E-72CA-414F-A407-456BCB0AE91C}.Release|Any CPU.ActiveCfg = Release|Any CPU
		{0D3D447E-72CA-414F-A407-456BCB0AE91C}.Release|Any CPU.Build.0 = Release|Any CPU
	EndGlobalSection
EndGlobal
